# This file is automatically @generated by Poetry 1.8.1 and should not be changed by hand.

[[package]]
name = "certifi"
version = "2024.2.2"
description = "Python package for providing Mozilla's CA Bundle."
optional = false
python-versions = ">=3.6"
files = [
    {file = "certifi-2024.2.2-py3-none-any.whl", hash = "sha256:dc383c07b76109f368f6106eee2b593b04a011ea4d55f652c6ca24a754d1cdd1"},
    {file = "certifi-2024.2.2.tar.gz", hash = "sha256:0569859f95fc761b18b45ef421b1290a0f65f147e92a1e5eb3e635f9a5e4e66f"},
]

[[package]]
name = "charset-normalizer"
version = "2.0.12"
description = "The Real First Universal Charset Detector. Open, modern and actively maintained alternative to Chardet."
optional = false
python-versions = ">=3.5.0"
files = [
    {file = "charset-normalizer-2.0.12.tar.gz", hash = "sha256:2857e29ff0d34db842cd7ca3230549d1a697f96ee6d3fb071cfa6c7393832597"},
    {file = "charset_normalizer-2.0.12-py3-none-any.whl", hash = "sha256:6881edbebdb17b39b4eaaa821b438bf6eddffb4468cf344f09f89def34a8b1df"},
]

[package.extras]
unicode-backport = ["unicodedata2"]

[[package]]
name = "docutils"
version = "0.18.1"
description = "Docutils -- Python Documentation Utilities"
optional = false
python-versions = ">=2.7, !=3.0.*, !=3.1.*, !=3.2.*, !=3.3.*, !=3.4.*"
files = [
    {file = "docutils-0.18.1-py2.py3-none-any.whl", hash = "sha256:23010f129180089fbcd3bc08cfefccb3b890b0050e1ca00c867036e9d161b98c"},
    {file = "docutils-0.18.1.tar.gz", hash = "sha256:679987caf361a7539d76e584cbeddc311e3aee937877c87346f31debc63e9d06"},
]

[[package]]
name = "flit"
version = "3.9.0"
description = "A simple packaging tool for simple packages."
optional = false
python-versions = ">=3.6"
files = [
    {file = "flit-3.9.0-py3-none-any.whl", hash = "sha256:076c3aaba5ac24cf0ad3251f910900d95a08218e6bcb26f21fef1036cc4679ca"},
    {file = "flit-3.9.0.tar.gz", hash = "sha256:d75edf5eb324da20d53570a6a6f87f51e606eee8384925cd66a90611140844c7"},
]

[package.dependencies]
docutils = "*"
flit_core = ">=3.9.0"
requests = "*"
tomli-w = "*"

[package.extras]
doc = ["pygments-github-lexers", "sphinx", "sphinxcontrib_github_alt"]
test = ["pytest (>=2.7.3)", "pytest-cov", "responses", "testpath", "tomli"]

[[package]]
name = "flit-core"
version = "3.9.0"
description = "Distribution-building parts of Flit. See flit package for more information"
optional = false
python-versions = ">=3.6"
files = [
    {file = "flit_core-3.9.0-py3-none-any.whl", hash = "sha256:7aada352fb0c7f5538c4fafeddf314d3a6a92ee8e2b1de70482329e42de70301"},
    {file = "flit_core-3.9.0.tar.gz", hash = "sha256:72ad266176c4a3fcfab5f2930d76896059851240570ce9a98733b658cb786eba"},
]

[[package]]
name = "idna"
version = "3.6"
description = "Internationalized Domain Names in Applications (IDNA)"
optional = false
python-versions = ">=3.5"
files = [
    {file = "idna-3.6-py3-none-any.whl", hash = "sha256:c05567e9c24a6b9faaa835c4821bad0590fbb9d5779e7caa6e1cc4978e7eb24f"},
    {file = "idna-3.6.tar.gz", hash = "sha256:9ecdbbd083b06798ae1e86adcbfe8ab1479cf864e4ee30fe4e46a003d12491ca"},
]

[[package]]
name = "requests"
version = "2.27.1"
description = "Python HTTP for Humans."
optional = false
python-versions = ">=2.7, !=3.0.*, !=3.1.*, !=3.2.*, !=3.3.*, !=3.4.*, !=3.5.*"
files = [
    {file = "requests-2.27.1-py2.py3-none-any.whl", hash = "sha256:f22fa1e554c9ddfd16e6e41ac79759e17be9e492b3587efa038054674760e72d"},
    {file = "requests-2.27.1.tar.gz", hash = "sha256:68d7c56fd5a8999887728ef304a6d12edc7be74f1cfa47714fc8b414525c9a61"},
]

[package.dependencies]
certifi = ">=2017.4.17"
charset-normalizer = {version = ">=2.0.0,<2.1.0", markers = "python_version >= \"3\""}
idna = {version = ">=2.5,<4", markers = "python_version >= \"3\""}
urllib3 = ">=1.21.1,<1.27"

[package.extras]
socks = ["PySocks (>=1.5.6,!=1.5.7)", "win-inet-pton"]
use-chardet-on-py3 = ["chardet (>=3.0.2,<5)"]

[[package]]
name = "tomli-w"
version = "0.4.0"
description = "A lil' TOML writer"
optional = false
python-versions = ">=3.6"
files = [
    {file = "tomli_w-0.4.0-py3-none-any.whl", hash = "sha256:83a8b8df5174e0ab949783200fa0f1e382c5ae5f53d714c226775bc0592c5906"},
    {file = "tomli_w-0.4.0.tar.gz", hash = "sha256:47643abe03b628b6e214c38cf0816dca7b63888e503ec8580d251e331c0526b6"},
]

[[package]]
name = "urllib3"
version = "1.26.18"
description = "HTTP library with thread-safe connection pooling, file post, and more."
optional = false
python-versions = ">=2.7, !=3.0.*, !=3.1.*, !=3.2.*, !=3.3.*, !=3.4.*, !=3.5.*"
files = [
    {file = "urllib3-1.26.18-py2.py3-none-any.whl", hash = "sha256:34b97092d7e0a3a8cf7cd10e386f401b3737364026c45e622aa02903dffe0f07"},
    {file = "urllib3-1.26.18.tar.gz", hash = "sha256:f8ecc1bba5667413457c529ab955bf8c67b45db799d159066261719e328580a0"},
]

[package.extras]
brotli = ["brotli (==1.0.9)", "brotli (>=1.0.9)", "brotlicffi (>=0.8.0)", "brotlipy (>=0.6.0)"]
secure = ["certifi", "cryptography (>=1.3.4)", "idna (>=2.0.0)", "ipaddress", "pyOpenSSL (>=0.14)", "urllib3-secure-extra"]
socks = ["PySocks (>=1.5.6,!=1.5.7,<2.0)"]

[metadata]
lock-version = "2.0"
python-versions = "^3.6"
content-hash = "f708d0ca3346b5433704e9f1388eb5bef41a11b7c6af68bc94bc28820d91b022"
